// !$*UTF8*$!
{
	archiveVersion = 1;
	classes = {
	};
	objectVersion = 52;
	objects = {

/* Begin PBXBuildFile section */
		7223428026E2861F00084FF3 /* PokedexAppApp.swift in Sources */ = {isa = PBXBuildFile; fileRef = 7223427F26E2861F00084FF3 /* PokedexAppApp.swift */; };
		7223428226E2861F00084FF3 /* ContentView.swift in Sources */ = {isa = PBXBuildFile; fileRef = 7223428126E2861F00084FF3 /* ContentView.swift */; };
		7223428426E2862100084FF3 /* Assets.xcassets in Resources */ = {isa = PBXBuildFile; fileRef = 7223428326E2862100084FF3 /* Assets.xcassets */; };
		7223428726E2862100084FF3 /* Preview Assets.xcassets in Resources */ = {isa = PBXBuildFile; fileRef = 7223428626E2862100084FF3 /* Preview Assets.xcassets */; };
		7223429326E287BF00084FF3 /* PokemonCell.swift in Sources */ = {isa = PBXBuildFile; fileRef = 7223429226E287BF00084FF3 /* PokemonCell.swift */; };
		7223429526E2901100084FF3 /* PokedexView.swift in Sources */ = {isa = PBXBuildFile; fileRef = 7223429426E2901100084FF3 /* PokedexView.swift */; };
		7223429726E2933900084FF3 /* Pokemon.swift in Sources */ = {isa = PBXBuildFile; fileRef = 7223429626E2933900084FF3 /* Pokemon.swift */; };
		7223429926E295B900084FF3 /* PokemonViewModel.swift in Sources */ = {isa = PBXBuildFile; fileRef = 7223429826E295B900084FF3 /* PokemonViewModel.swift */; };
		7223429C26E29C0100084FF3 /* Kingfisher in Frameworks */ = {isa = PBXBuildFile; productRef = 7223429B26E29C0100084FF3 /* Kingfisher */; };
/* End PBXBuildFile section */

/* Begin PBXFileReference section */
		7223427C26E2861F00084FF3 /* PokedexApp.app */ = {isa = PBXFileReference; explicitFileType = wrapper.application; includeInIndex = 0; path = PokedexApp.app; sourceTree = BUILT_PRODUCTS_DIR; };
		7223427F26E2861F00084FF3 /* PokedexAppApp.swift */ = {isa = PBXFileReference; lastKnownFileType = sourcecode.swift; path = PokedexAppApp.swift; sourceTree = "<group>"; };
		7223428126E2861F00084FF3 /* ContentView.swift */ = {isa = PBXFileReference; lastKnownFileType = sourcecode.swift; path = ContentView.swift; sourceTree = "<group>"; };
		7223428326E2862100084FF3 /* Assets.xcassets */ = {isa = PBXFileReference; lastKnownFileType = folder.assetcatalog; path = Assets.xcassets; sourceTree = "<group>"; };
		7223428626E2862100084FF3 /* Preview Assets.xcassets */ = {isa = PBXFileReference; lastKnownFileType = folder.assetcatalog; path = "Preview Assets.xcassets"; sourceTree = "<group>"; };
		7223428826E2862100084FF3 /* Info.plist */ = {isa = PBXFileReference; lastKnownFileType = text.plist.xml; path = Info.plist; sourceTree = "<group>"; };
		7223429226E287BF00084FF3 /* PokemonCell.swift */ = {isa = PBXFileReference; lastKnownFileType = sourcecode.swift; path = PokemonCell.swift; sourceTree = "<group>"; };
		7223429426E2901100084FF3 /* PokedexView.swift */ = {isa = PBXFileReference; lastKnownFileType = sourcecode.swift; path = PokedexView.swift; sourceTree = "<group>"; };
		7223429626E2933900084FF3 /* Pokemon.swift */ = {isa = PBXFileReference; lastKnownFileType = sourcecode.swift; path = Pokemon.swift; sourceTree = "<group>"; };
		7223429826E295B900084FF3 /* PokemonViewModel.swift */ = {isa = PBXFileReference; lastKnownFileType = sourcecode.swift; path = PokemonViewModel.swift; sourceTree = "<group>"; };
/* End PBXFileReference section */

/* Begin PBXFrameworksBuildPhase section */
		7223427926E2861F00084FF3 /* Frameworks */ = {
			isa = PBXFrameworksBuildPhase;
			buildActionMask = 2147483647;
			files = (
				7223429C26E29C0100084FF3 /* Kingfisher in Frameworks */,
			);
			runOnlyForDeploymentPostprocessing = 0;
		};
/* End PBXFrameworksBuildPhase section */

/* Begin PBXGroup section */
		7223427326E2861F00084FF3 = {
			isa = PBXGroup;
			children = (
				7223427E26E2861F00084FF3 /* PokedexApp */,
				7223427D26E2861F00084FF3 /* Products */,
			);
			sourceTree = "<group>";
		};
		7223427D26E2861F00084FF3 /* Products */ = {
			isa = PBXGroup;
			children = (
				7223427C26E2861F00084FF3 /* PokedexApp.app */,
			);
			name = Products;
			sourceTree = "<group>";
		};
		7223427E26E2861F00084FF3 /* PokedexApp */ = {
			isa = PBXGroup;
			children = (
				7223429126E2876500084FF3 /* ViewModel */,
				7223429026E2873C00084FF3 /* View */,
				7223428E26E2873100084FF3 /* Model */,
				7223427F26E2861F00084FF3 /* PokedexAppApp.swift */,
				7223428126E2861F00084FF3 /* ContentView.swift */,
				7223428326E2862100084FF3 /* Assets.xcassets */,
				7223428826E2862100084FF3 /* Info.plist */,
				7223428526E2862100084FF3 /* Preview Content */,
			);
			path = PokedexApp;
			sourceTree = "<group>";
		};
		7223428526E2862100084FF3 /* Preview Content */ = {
			isa = PBXGroup;
			children = (
				7223428626E2862100084FF3 /* Preview Assets.xcassets */,
			);
			path = "Preview Content";
			sourceTree = "<group>";
		};
		7223428E26E2873100084FF3 /* Model */ = {
			isa = PBXGroup;
			children = (
				7223429626E2933900084FF3 /* Pokemon.swift */,
			);
			path = Model;
			sourceTree = "<group>";
		};
		7223429026E2873C00084FF3 /* View */ = {
			isa = PBXGroup;
			children = (
				7223429226E287BF00084FF3 /* PokemonCell.swift */,
				7223429426E2901100084FF3 /* PokedexView.swift */,
			);
			path = View;
			sourceTree = "<group>";
		};
		7223429126E2876500084FF3 /* ViewModel */ = {
			isa = PBXGroup;
			children = (
				7223429826E295B900084FF3 /* PokemonViewModel.swift */,
			);
			path = ViewModel;
			sourceTree = "<group>";
		};
/* End PBXGroup section */

/* Begin PBXNativeTarget section */
		7223427B26E2861F00084FF3 /* PokedexApp */ = {
			isa = PBXNativeTarget;
			buildConfigurationList = 7223428B26E2862100084FF3 /* Build configuration list for PBXNativeTarget "PokedexApp" */;
			buildPhases = (
				7223427826E2861F00084FF3 /* Sources */,
				7223427926E2861F00084FF3 /* Frameworks */,
				7223427A26E2861F00084FF3 /* Resources */,
			);
			buildRules = (
			);
			dependencies = (
			);
			name = PokedexApp;
			packageProductDependencies = (
				7223429B26E29C0100084FF3 /* Kingfisher */,
			);
			productName = PokedexApp;
			productReference = 7223427C26E2861F00084FF3 /* PokedexApp.app */;
			productType = "com.apple.product-type.application";
		};
/* End PBXNativeTarget section */

/* Begin PBXProject section */
		7223427426E2861F00084FF3 /* Project object */ = {
			isa = PBXProject;
			attributes = {
				LastSwiftUpdateCheck = 1250;
				LastUpgradeCheck = 1250;
				TargetAttributes = {
					7223427B26E2861F00084FF3 = {
						CreatedOnToolsVersion = 12.5.1;
					};
				};
			};
			buildConfigurationList = 7223427726E2861F00084FF3 /* Build configuration list for PBXProject "PokedexApp" */;
			compatibilityVersion = "Xcode 9.3";
			developmentRegion = en;
			hasScannedForEncodings = 0;
			knownRegions = (
				en,
				Base,
			);
			mainGroup = 7223427326E2861F00084FF3;
			packageReferences = (
				7223429A26E29C0100084FF3 /* XCRemoteSwiftPackageReference "Kingfisher" */,
			);
			productRefGroup = 7223427D26E2861F00084FF3 /* Products */;
			projectDirPath = "";
			projectRoot = "";
			targets = (
				7223427B26E2861F00084FF3 /* PokedexApp */,
			);
		};
/* End PBXProject section */

/* Begin PBXResourcesBuildPhase section */
		7223427A26E2861F00084FF3 /* Resources */ = {
			isa = PBXResourcesBuildPhase;
			buildActionMask = 2147483647;
			files = (
				7223428726E2862100084FF3 /* Preview Assets.xcassets in Resources */,
				7223428426E2862100084FF3 /* Assets.xcassets in Resources */,
			);
			runOnlyForDeploymentPostprocessing = 0;
		};
/* End PBXResourcesBuildPhase section */

/* Begin PBXSourcesBuildPhase section */
		7223427826E2861F00084FF3 /* Sources */ = {
			isa = PBXSourcesBuildPhase;
			buildActionMask = 2147483647;
			files = (
				7223429726E2933900084FF3 /* Pokemon.swift in Sources */,
				7223428226E2861F00084FF3 /* ContentView.swift in Sources */,
				7223429926E295B900084FF3 /* PokemonViewModel.swift in Sources */,
				7223428026E2861F00084FF3 /* PokedexAppApp.swift in Sources */,
				7223429326E287BF00084FF3 /* PokemonCell.swift in Sources */,
				7223429526E2901100084FF3 /* PokedexView.swift in Sources */,
			);
			runOnlyForDeploymentPostprocessing = 0;
		};
/* End PBXSourcesBuildPhase section */

/* Begin XCBuildConfiguration section */
		7223428926E2862100084FF3 /* Debug */ = {
			isa = XCBuildConfiguration;
			buildSettings = {
				ALWAYS_SEARCH_USER_PATHS = NO;
				CLANG_ANALYZER_NONNULL = YES;
				CLANG_ANALYZER_NUMBER_OBJECT_CONVERSION = YES_AGGRESSIVE;
				CLANG_CXX_LANGUAGE_STANDARD = "gnu++14";
				CLANG_CXX_LIBRARY = "libc++";
				CLANG_ENABLE_MODULES = YES;
				CLANG_ENABLE_OBJC_ARC = YES;
				CLANG_ENABLE_OBJC_WEAK = YES;
				CLANG_WARN_BLOCK_CAPTURE_AUTORELEASING = YES;
				CLANG_WARN_BOOL_CONVERSION = YES;
				CLANG_WARN_COMMA = YES;
				CLANG_WARN_CONSTANT_CONVERSION = YES;
				CLANG_WARN_DEPRECATED_OBJC_IMPLEMENTATIONS = YES;
				CLANG_WARN_DIRECT_OBJC_ISA_USAGE = YES_ERROR;
				CLANG_WARN_DOCUMENTATION_COMMENTS = YES;
				CLANG_WARN_EMPTY_BODY = YES;
				CLANG_WARN_ENUM_CONVERSION = YES;
				CLANG_WARN_INFINITE_RECURSION = YES;
				CLANG_WARN_INT_CONVERSION = YES;
				CLANG_WARN_NON_LITERAL_NULL_CONVERSION = YES;
				CLANG_WARN_OBJC_IMPLICIT_RETAIN_SELF = YES;
				CLANG_WARN_OBJC_LITERAL_CONVERSION = YES;
				CLANG_WARN_OBJC_ROOT_CLASS = YES_ERROR;
				CLANG_WARN_QUOTED_INCLUDE_IN_FRAMEWORK_HEADER = YES;
				CLANG_WARN_RANGE_LOOP_ANALYSIS = YES;
				CLANG_WARN_STRICT_PROTOTYPES = YES;
				CLANG_WARN_SUSPICIOUS_MOVE = YES;
				CLANG_WARN_UNGUARDED_AVAILABILITY = YES_AGGRESSIVE;
				CLANG_WARN_UNREACHABLE_CODE = YES;
				CLANG_WARN__DUPLICATE_METHOD_MATCH = YES;
				COPY_PHASE_STRIP = NO;
				DEBUG_INFORMATION_FORMAT = dwarf;
				ENABLE_STRICT_OBJC_MSGSEND = YES;
				ENABLE_TESTABILITY = YES;
				GCC_C_LANGUAGE_STANDARD = gnu11;
				GCC_DYNAMIC_NO_PIC = NO;
				GCC_NO_COMMON_BLOCKS = YES;
				GCC_OPTIMIZATION_LEVEL = 0;
				GCC_PREPROCESSOR_DEFINITIONS = (
					"DEBUG=1",
					"$(inherited)",
				);
				GCC_WARN_64_TO_32_BIT_CONVERSION = YES;
				GCC_WARN_ABOUT_RETURN_TYPE = YES_ERROR;
				GCC_WARN_UNDECLARED_SELECTOR = YES;
				GCC_WARN_UNINITIALIZED_AUTOS = YES_AGGRESSIVE;
				GCC_WARN_UNUSED_FUNCTION = YES;
				GCC_WARN_UNUSED_VARIABLE = YES;
				IPHONEOS_DEPLOYMENT_TARGET = 14.5;
				MTL_ENABLE_DEBUG_INFO = INCLUDE_SOURCE;
				MTL_FAST_MATH = YES;
				ONLY_ACTIVE_ARCH = YES;
				SDKROOT = iphoneos;
				SWIFT_ACTIVE_COMPILATION_CONDITIONS = DEBUG;
				SWIFT_OPTIMIZATION_LEVEL = "-Onone";
			};
			name = Debug;
		};
		7223428A26E2862100084FF3 /* Release */ = {
			isa = XCBuildConfiguration;
			buildSettings = {
				ALWAYS_SEARCH_USER_PATHS = NO;
				CLANG_ANALYZER_NONNULL = YES;
				CLANG_ANALYZER_NUMBER_OBJECT_CONVERSION = YES_AGGRESSIVE;
				CLANG_CXX_LANGUAGE_STANDARD = "gnu++14";
				CLANG_CXX_LIBRARY = "libc++";
				CLANG_ENABLE_MODULES = YES;
				CLANG_ENABLE_OBJC_ARC = YES;
				CLANG_ENABLE_OBJC_WEAK = YES;
				CLANG_WARN_BLOCK_CAPTURE_AUTORELEASING = YES;
				CLANG_WARN_BOOL_CONVERSION = YES;
				CLANG_WARN_COMMA = YES;
				CLANG_WARN_CONSTANT_CONVERSION = YES;
				CLANG_WARN_DEPRECATED_OBJC_IMPLEMENTATIONS = YES;
				CLANG_WARN_DIRECT_OBJC_ISA_USAGE = YES_ERROR;
				CLANG_WARN_DOCUMENTATION_COMMENTS = YES;
				CLANG_WARN_EMPTY_BODY = YES;
				CLANG_WARN_ENUM_CONVERSION = YES;
				CLANG_WARN_INFINITE_RECURSION = YES;
				CLANG_WARN_INT_CONVERSION = YES;
				CLANG_WARN_NON_LITERAL_NULL_CONVERSION = YES;
				CLANG_WARN_OBJC_IMPLICIT_RETAIN_SELF = YES;
				CLANG_WARN_OBJC_LITERAL_CONVERSION = YES;
				CLANG_WARN_OBJC_ROOT_CLASS = YES_ERROR;
				CLANG_WARN_QUOTED_INCLUDE_IN_FRAMEWORK_HEADER = YES;
				CLANG_WARN_RANGE_LOOP_ANALYSIS = YES;
				CLANG_WARN_STRICT_PROTOTYPES = YES;
				CLANG_WARN_SUSPICIOUS_MOVE = YES;
				CLANG_WARN_UNGUARDED_AVAILABILITY = YES_AGGRESSIVE;
				CLANG_WARN_UNREACHABLE_CODE = YES;
				CLANG_WARN__DUPLICATE_METHOD_MATCH = YES;
				COPY_PHASE_STRIP = NO;
				DEBUG_INFORMATION_FORMAT = "dwarf-with-dsym";
				ENABLE_NS_ASSERTIONS = NO;
				ENABLE_STRICT_OBJC_MSGSEND = YES;
				GCC_C_LANGUAGE_STANDARD = gnu11;
				GCC_NO_COMMON_BLOCKS = YES;
				GCC_WARN_64_TO_32_BIT_CONVERSION = YES;
				GCC_WARN_ABOUT_RETURN_TYPE = YES_ERROR;
				GCC_WARN_UNDECLARED_SELECTOR = YES;
				GCC_WARN_UNINITIALIZED_AUTOS = YES_AGGRESSIVE;
				GCC_WARN_UNUSED_FUNCTION = YES;
				GCC_WARN_UNUSED_VARIABLE = YES;
				IPHONEOS_DEPLOYMENT_TARGET = 14.5;
				MTL_ENABLE_DEBUG_INFO = NO;
				MTL_FAST_MATH = YES;
				SDKROOT = iphoneos;
				SWIFT_COMPILATION_MODE = wholemodule;
				SWIFT_OPTIMIZATION_LEVEL = "-O";
				VALIDATE_PRODUCT = YES;
			};
			name = Release;
		};
		7223428C26E2862100084FF3 /* Debug */ = {
			isa = XCBuildConfiguration;
			buildSettings = {
				ASSETCATALOG_COMPILER_APPICON_NAME = AppIcon;
				ASSETCATALOG_COMPILER_GLOBAL_ACCENT_COLOR_NAME = AccentColor;
				CODE_SIGN_STYLE = Automatic;
				DEVELOPMENT_ASSET_PATHS = "\"PokedexApp/Preview Content\"";
				DEVELOPMENT_TEAM = D9PPZUU246;
				ENABLE_PREVIEWS = YES;
				INFOPLIST_FILE = PokedexApp/Info.plist;
				IPHONEOS_DEPLOYMENT_TARGET = 14.0;
				LD_RUNPATH_SEARCH_PATHS = (
					"$(inherited)",
					"@executable_path/Frameworks",
				);
				PRODUCT_BUNDLE_IDENTIFIER = Techzia.PokedexApp;
				PRODUCT_NAME = "$(TARGET_NAME)";
				SWIFT_VERSION = 5.0;
				TARGETED_DEVICE_FAMILY = "1,2";
			};
			name = Debug;
		};
		7223428D26E2862100084FF3 /* Release */ = {
			isa = XCBuildConfiguration;
			buildSettings = {
				ASSETCATALOG_COMPILER_APPICON_NAME = AppIcon;
				ASSETCATALOG_COMPILER_GLOBAL_ACCENT_COLOR_NAME = AccentColor;
				CODE_SIGN_STYLE = Automatic;
				DEVELOPMENT_ASSET_PATHS = "\"PokedexApp/Preview Content\"";
				DEVELOPMENT_TEAM = D9PPZUU246;
				ENABLE_PREVIEWS = YES;
				INFOPLIST_FILE = PokedexApp/Info.plist;
				IPHONEOS_DEPLOYMENT_TARGET = 14.0;
				LD_RUNPATH_SEARCH_PATHS = (
					"$(inherited)",
					"@executable_path/Frameworks",
				);
				PRODUCT_BUNDLE_IDENTIFIER = Techzia.PokedexApp;
				PRODUCT_NAME = "$(TARGET_NAME)";
				SWIFT_VERSION = 5.0;
				TARGETED_DEVICE_FAMILY = "1,2";
			};
			name = Release;
		};
/* End XCBuildConfiguration section */

/* Begin XCConfigurationList section */
		7223427726E2861F00084FF3 /* Build configuration list for PBXProject "PokedexApp" */ = {
			isa = XCConfigurationList;
			buildConfigurations = (
				7223428926E2862100084FF3 /* Debug */,
				7223428A26E2862100084FF3 /* Release */,
			);
			defaultConfigurationIsVisible = 0;
			defaultConfigurationName = Release;
		};
		7223428B26E2862100084FF3 /* Build configuration list for PBXNativeTarget "PokedexApp" */ = {
			isa = XCConfigurationList;
			buildConfigurations = (
				7223428C26E2862100084FF3 /* Debug */,
				7223428D26E2862100084FF3 /* Release */,
			);
			defaultConfigurationIsVisible = 0;
			defaultConfigurationName = Release;
		};
/* End XCConfigurationList section */

/* Begin XCRemoteSwiftPackageReference section */
		7223429A26E29C0100084FF3 /* XCRemoteSwiftPackageReference "Kingfisher" */ = {
			isa = XCRemoteSwiftPackageReference;
			repositoryURL = "https://github.com/onevcat/Kingfisher.git";
			requirement = {
				kind = upToNextMajorVersion;
				minimumVersion = 6.3.1;
			};
		};
/* End XCRemoteSwiftPackageReference section */

/* Begin XCSwiftPackageProductDependency section */
		7223429B26E29C0100084FF3 /* Kingfisher */ = {
			isa = XCSwiftPackageProductDependency;
			package = 7223429A26E29C0100084FF3 /* XCRemoteSwiftPackageReference "Kingfisher" */;
			productName = Kingfisher;
		};
/* End XCSwiftPackageProductDependency section */
	};
	rootObject = 7223427426E2861F00084FF3 /* Project object */;
}
